// !$*UTF8*$!
{
	archiveVersion = 1;
	classes = {
	};
	objectVersion = 50;
	objects = {

/* Begin PBXBuildFile section */
		31443452222CE50B0094FAB8 /* AppDelegate.swift in Sources */ = {isa = PBXBuildFile; fileRef = 31443451222CE50B0094FAB8 /* AppDelegate.swift */; };
		31443455222CE50E0094FAB8 /* Assets.xcassets in Resources */ = {isa = PBXBuildFile; fileRef = 31443454222CE50E0094FAB8 /* Assets.xcassets */; };
		31443460222CE50E0094FAB8 /* tvmlAppTests.swift in Sources */ = {isa = PBXBuildFile; fileRef = 3144345F222CE50E0094FAB8 /* tvmlAppTests.swift */; };
/* End PBXBuildFile section */

/* Begin PBXContainerItemProxy section */
		3144345C222CE50E0094FAB8 /* PBXContainerItemProxy */ = {
			isa = PBXContainerItemProxy;
			containerPortal = 31443446222CE50B0094FAB8 /* Project object */;
			proxyType = 1;
			remoteGlobalIDString = 3144344D222CE50B0094FAB8;
			remoteInfo = tvmlApp;
		};
/* End PBXContainerItemProxy section */

/* Begin PBXFileReference section */
		3144344E222CE50B0094FAB8 /* tvmlApp.app */ = {isa = PBXFileReference; explicitFileType = wrapper.application; includeInIndex = 0; path = tvmlApp.app; sourceTree = BUILT_PRODUCTS_DIR; };
		31443451222CE50B0094FAB8 /* AppDelegate.swift */ = {isa = PBXFileReference; lastKnownFileType = sourcecode.swift; path = AppDelegate.swift; sourceTree = "<group>"; };
		31443453222CE50B0094FAB8 /* application.js */ = {isa = PBXFileReference; lastKnownFileType = sourcecode.javascript; path = application.js; sourceTree = "<group>"; };
		31443454222CE50E0094FAB8 /* Assets.xcassets */ = {isa = PBXFileReference; lastKnownFileType = folder.assetcatalog; path = Assets.xcassets; sourceTree = "<group>"; };
		31443456222CE50E0094FAB8 /* Info.plist */ = {isa = PBXFileReference; lastKnownFileType = text.plist.xml; path = Info.plist; sourceTree = "<group>"; };
		3144345B222CE50E0094FAB8 /* tvmlAppTests.xctest */ = {isa = PBXFileReference; explicitFileType = wrapper.cfbundle; includeInIndex = 0; path = tvmlAppTests.xctest; sourceTree = BUILT_PRODUCTS_DIR; };
		3144345F222CE50E0094FAB8 /* tvmlAppTests.swift */ = {isa = PBXFileReference; lastKnownFileType = sourcecode.swift; path = tvmlAppTests.swift; sourceTree = "<group>"; };
		31443461222CE50E0094FAB8 /* Info.plist */ = {isa = PBXFileReference; lastKnownFileType = text.plist.xml; path = Info.plist; sourceTree = "<group>"; };
/* End PBXFileReference section */

/* Begin PBXFrameworksBuildPhase section */
		3144344B222CE50B0094FAB8 /* Frameworks */ = {
			isa = PBXFrameworksBuildPhase;
			buildActionMask = 2147483647;
			files = (
			);
			runOnlyForDeploymentPostprocessing = 0;
		};
		31443458222CE50E0094FAB8 /* Frameworks */ = {
			isa = PBXFrameworksBuildPhase;
			buildActionMask = 2147483647;
			files = (
			);
			runOnlyForDeploymentPostprocessing = 0;
		};
/* End PBXFrameworksBuildPhase section */

/* Begin PBXGroup section */
		31443445222CE50B0094FAB8 = {
			isa = PBXGroup;
			children = (
				31443450222CE50B0094FAB8 /* tvmlApp */,
				3144345E222CE50E0094FAB8 /* tvmlAppTests */,
				3144344F222CE50B0094FAB8 /* Products */,
			);
			sourceTree = "<group>";
		};
		3144344F222CE50B0094FAB8 /* Products */ = {
			isa = PBXGroup;
			children = (
				3144344E222CE50B0094FAB8 /* tvmlApp.app */,
				3144345B222CE50E0094FAB8 /* tvmlAppTests.xctest */,
			);
			name = Products;
			sourceTree = "<group>";
		};
		31443450222CE50B0094FAB8 /* tvmlApp */ = {
			isa = PBXGroup;
			children = (
				31443451222CE50B0094FAB8 /* AppDelegate.swift */,
				31443453222CE50B0094FAB8 /* application.js */,
				31443454222CE50E0094FAB8 /* Assets.xcassets */,
				31443456222CE50E0094FAB8 /* Info.plist */,
			);
			path = tvmlApp;
			sourceTree = "<group>";
		};
		3144345E222CE50E0094FAB8 /* tvmlAppTests */ = {
			isa = PBXGroup;
			children = (
				3144345F222CE50E0094FAB8 /* tvmlAppTests.swift */,
				31443461222CE50E0094FAB8 /* Info.plist */,
			);
			path = tvmlAppTests;
			sourceTree = "<group>";
		};
/* End PBXGroup section */

/* Begin PBXNativeTarget section */
		3144344D222CE50B0094FAB8 /* tvmlApp */ = {
			isa = PBXNativeTarget;
			buildConfigurationList = 31443464222CE50E0094FAB8 /* Build configuration list for PBXNativeTarget "tvmlApp" */;
			buildPhases = (
				3144344A222CE50B0094FAB8 /* Sources */,
				3144344B222CE50B0094FAB8 /* Frameworks */,
				3144344C222CE50B0094FAB8 /* Resources */,
			);
			buildRules = (
			);
			dependencies = (
			);
			name = tvmlApp;
			productName = tvmlApp;
			productReference = 3144344E222CE50B0094FAB8 /* tvmlApp.app */;
			productType = "com.apple.product-type.application";
		};
		3144345A222CE50E0094FAB8 /* tvmlAppTests */ = {
			isa = PBXNativeTarget;
			buildConfigurationList = 31443467222CE50E0094FAB8 /* Build configuration list for PBXNativeTarget "tvmlAppTests" */;
			buildPhases = (
				31443457222CE50E0094FAB8 /* Sources */,
				31443458222CE50E0094FAB8 /* Frameworks */,
				31443459222CE50E0094FAB8 /* Resources */,
			);
			buildRules = (
			);
			dependencies = (
				3144345D222CE50E0094FAB8 /* PBXTargetDependency */,
			);
			name = tvmlAppTests;
			productName = tvmlAppTests;
			productReference = 3144345B222CE50E0094FAB8 /* tvmlAppTests.xctest */;
			productType = "com.apple.product-type.bundle.unit-test";
		};
/* End PBXNativeTarget section */

/* Begin PBXProject section */
		31443446222CE50B0094FAB8 /* Project object */ = {
			isa = PBXProject;
			attributes = {
				LastSwiftUpdateCheck = 1010;
				LastUpgradeCheck = 1010;
				ORGANIZATIONNAME = "Ramit sharma";
				TargetAttributes = {
					3144344D222CE50B0094FAB8 = {
						CreatedOnToolsVersion = 10.1;
					};
					3144345A222CE50E0094FAB8 = {
						CreatedOnToolsVersion = 10.1;
						TestTargetID = 3144344D222CE50B0094FAB8;
					};
				};
			};
			buildConfigurationList = 31443449222CE50B0094FAB8 /* Build configuration list for PBXProject "tvmlApp" */;
			compatibilityVersion = "Xcode 9.3";
			developmentRegion = en;
			hasScannedForEncodings = 0;
			knownRegions = (
				en,
			);
			mainGroup = 31443445222CE50B0094FAB8;
			productRefGroup = 3144344F222CE50B0094FAB8 /* Products */;
			projectDirPath = "";
			projectRoot = "";
			targets = (
				3144344D222CE50B0094FAB8 /* tvmlApp */,
				3144345A222CE50E0094FAB8 /* tvmlAppTests */,
			);
		};
/* End PBXProject section */

/* Begin PBXResourcesBuildPhase section */
		3144344C222CE50B0094FAB8 /* Resources */ = {
			isa = PBXResourcesBuildPhase;
			buildActionMask = 2147483647;
			files = (
				31443455222CE50E0094FAB8 /* Assets.xcassets in Resources */,
			);
			runOnlyForDeploymentPostprocessing = 0;
		};
		31443459222CE50E0094FAB8 /* Resources */ = {
			isa = PBXResourcesBuildPhase;
			buildActionMask = 2147483647;
			files = (
			);
			runOnlyForDeploymentPostprocessing = 0;
		};
/* End PBXResourcesBuildPhase section */

/* Begin PBXSourcesBuildPhase section */
		3144344A222CE50B0094FAB8 /* Sources */ = {
			isa = PBXSourcesBuildPhase;
			buildActionMask = 2147483647;
			files = (
				31443452222CE50B0094FAB8 /* AppDelegate.swift in Sources */,
			);
			runOnlyForDeploymentPostprocessing = 0;
		};
		31443457222CE50E0094FAB8 /* Sources */ = {
			isa = PBXSourcesBuildPhase;
			buildActionMask = 2147483647;
			files = (
				31443460222CE50E0094FAB8 /* tvmlAppTests.swift in Sources */,
			);
			runOnlyForDeploymentPostprocessing = 0;
		};
/* End PBXSourcesBuildPhase section */

/* Begin PBXTargetDependency section */
		3144345D222CE50E0094FAB8 /* PBXTargetDependency */ = {
			isa = PBXTargetDependency;
			target = 3144344D222CE50B0094FAB8 /* tvmlApp */;
			targetProxy = 3144345C222CE50E0094FAB8 /* PBXContainerItemProxy */;
		};
/* End PBXTargetDependency section */

/* Begin XCBuildConfiguration section */
		31443462222CE50E0094FAB8 /* Debug */ = {
			isa = XCBuildConfiguration;
			buildSettings = {
				ALWAYS_SEARCH_USER_PATHS = NO;
				CLANG_ANALYZER_NONNULL = YES;
				CLANG_ANALYZER_NUMBER_OBJECT_CONVERSION = YES_AGGRESSIVE;
				CLANG_CXX_LANGUAGE_STANDARD = "gnu++14";
				CLANG_CXX_LIBRARY = "libc++";
				CLANG_ENABLE_MODULES = YES;
				CLANG_ENABLE_OBJC_ARC = YES;
				CLANG_ENABLE_OBJC_WEAK = YES;
				CLANG_WARN_BLOCK_CAPTURE_AUTORELEASING = YES;
				CLANG_WARN_BOOL_CONVERSION = YES;
				CLANG_WARN_COMMA = YES;
				CLANG_WARN_CONSTANT_CONVERSION = YES;
				CLANG_WARN_DEPRECATED_OBJC_IMPLEMENTATIONS = YES;
				CLANG_WARN_DIRECT_OBJC_ISA_USAGE = YES_ERROR;
				CLANG_WARN_DOCUMENTATION_COMMENTS = YES;
				CLANG_WARN_EMPTY_BODY = YES;
				CLANG_WARN_ENUM_CONVERSION = YES;
				CLANG_WARN_INFINITE_RECURSION = YES;
				CLANG_WARN_INT_CONVERSION = YES;
				CLANG_WARN_NON_LITERAL_NULL_CONVERSION = YES;
				CLANG_WARN_OBJC_IMPLICIT_RETAIN_SELF = YES;
				CLANG_WARN_OBJC_LITERAL_CONVERSION = YES;
				CLANG_WARN_OBJC_ROOT_CLASS = YES_ERROR;
				CLANG_WARN_RANGE_LOOP_ANALYSIS = YES;
				CLANG_WARN_STRICT_PROTOTYPES = YES;
				CLANG_WARN_SUSPICIOUS_MOVE = YES;
				CLANG_WARN_UNGUARDED_AVAILABILITY = YES_AGGRESSIVE;
				CLANG_WARN_UNREACHABLE_CODE = YES;
				CLANG_WARN__DUPLICATE_METHOD_MATCH = YES;
				COPY_PHASE_STRIP = NO;
				DEBUG_INFORMATION_FORMAT = dwarf;
				ENABLE_STRICT_OBJC_MSGSEND = YES;
				ENABLE_TESTABILITY = YES;
				GCC_C_LANGUAGE_STANDARD = gnu11;
				GCC_DYNAMIC_NO_PIC = NO;
				GCC_NO_COMMON_BLOCKS = YES;
				GCC_OPTIMIZATION_LEVEL = 0;
				GCC_PREPROCESSOR_DEFINITIONS = (
					"DEBUG=1",
					"$(inherited)",
				);
				GCC_WARN_64_TO_32_BIT_CONVERSION = YES;
				GCC_WARN_ABOUT_RETURN_TYPE = YES_ERROR;
				GCC_WARN_UNDECLARED_SELECTOR = YES;
				GCC_WARN_UNINITIALIZED_AUTOS = YES_AGGRESSIVE;
				GCC_WARN_UNUSED_FUNCTION = YES;
				GCC_WARN_UNUSED_VARIABLE = YES;
				MTL_ENABLE_DEBUG_INFO = INCLUDE_SOURCE;
				MTL_FAST_MATH = YES;
				ONLY_ACTIVE_ARCH = YES;
				SDKROOT = appletvos;
				SWIFT_ACTIVE_COMPILATION_CONDITIONS = DEBUG;
				SWIFT_OPTIMIZATION_LEVEL = "-Onone";
				TVOS_DEPLOYMENT_TARGET = 12.1;
			};
			name = Debug;
		};
		31443463222CE50E0094FAB8 /* Release */ = {
			isa = XCBuildConfiguration;
			buildSettings = {
				ALWAYS_SEARCH_USER_PATHS = NO;
				CLANG_ANALYZER_NONNULL = YES;
				CLANG_ANALYZER_NUMBER_OBJECT_CONVERSION = YES_AGGRESSIVE;
				CLANG_CXX_LANGUAGE_STANDARD = "gnu++14";
				CLANG_CXX_LIBRARY = "libc++";
				CLANG_ENABLE_MODULES = YES;
				CLANG_ENABLE_OBJC_ARC = YES;
				CLANG_ENABLE_OBJC_WEAK = YES;
				CLANG_WARN_BLOCK_CAPTURE_AUTORELEASING = YES;
				CLANG_WARN_BOOL_CONVERSION = YES;
				CLANG_WARN_COMMA = YES;
				CLANG_WARN_CONSTANT_CONVERSION = YES;
				CLANG_WARN_DEPRECATED_OBJC_IMPLEMENTATIONS = YES;
				CLANG_WARN_DIRECT_OBJC_ISA_USAGE = YES_ERROR;
				CLANG_WARN_DOCUMENTATION_COMMENTS = YES;
				CLANG_WARN_EMPTY_BODY = YES;
				CLANG_WARN_ENUM_CONVERSION = YES;
				CLANG_WARN_INFINITE_RECURSION = YES;
				CLANG_WARN_INT_CONVERSION = YES;
				CLANG_WARN_NON_LITERAL_NULL_CONVERSION = YES;
				CLANG_WARN_OBJC_IMPLICIT_RETAIN_SELF = YES;
				CLANG_WARN_OBJC_LITERAL_CONVERSION = YES;
				CLANG_WARN_OBJC_ROOT_CLASS = YES_ERROR;
				CLANG_WARN_RANGE_LOOP_ANALYSIS = YES;
				CLANG_WARN_STRICT_PROTOTYPES = YES;
				CLANG_WARN_SUSPICIOUS_MOVE = YES;
				CLANG_WARN_UNGUARDED_AVAILABILITY = YES_AGGRESSIVE;
				CLANG_WARN_UNREACHABLE_CODE = YES;
				CLANG_WARN__DUPLICATE_METHOD_MATCH = YES;
				COPY_PHASE_STRIP = NO;
				DEBUG_INFORMATION_FORMAT = "dwarf-with-dsym";
				ENABLE_NS_ASSERTIONS = NO;
				ENABLE_STRICT_OBJC_MSGSEND = YES;
				GCC_C_LANGUAGE_STANDARD = gnu11;
				GCC_NO_COMMON_BLOCKS = YES;
				GCC_WARN_64_TO_32_BIT_CONVERSION = YES;
				GCC_WARN_ABOUT_RETURN_TYPE = YES_ERROR;
				GCC_WARN_UNDECLARED_SELECTOR = YES;
				GCC_WARN_UNINITIALIZED_AUTOS = YES_AGGRESSIVE;
				GCC_WARN_UNUSED_FUNCTION = YES;
				GCC_WARN_UNUSED_VARIABLE = YES;
				MTL_ENABLE_DEBUG_INFO = NO;
				MTL_FAST_MATH = YES;
				SDKROOT = appletvos;
				SWIFT_COMPILATION_MODE = wholemodule;
				SWIFT_OPTIMIZATION_LEVEL = "-O";
				TVOS_DEPLOYMENT_TARGET = 12.1;
				VALIDATE_PRODUCT = YES;
			};
			name = Release;
		};
		31443465222CE50E0094FAB8 /* Debug */ = {
			isa = XCBuildConfiguration;
			buildSettings = {
				ASSETCATALOG_COMPILER_APPICON_NAME = "App Icon & Top Shelf Image";
				ASSETCATALOG_COMPILER_LAUNCHIMAGE_NAME = LaunchImage;
				CODE_SIGN_STYLE = Automatic;
				DEVELOPMENT_TEAM = L79F55H896;
				INFOPLIST_FILE = tvmlApp/Info.plist;
				LD_RUNPATH_SEARCH_PATHS = (
					"$(inherited)",
					"@executable_path/Frameworks",
				);
				PRODUCT_BUNDLE_IDENTIFIER = TestCorps.tvmlApp;
				PRODUCT_NAME = "$(TARGET_NAME)";
				SWIFT_VERSION = 4.2;
				TARGETED_DEVICE_FAMILY = 3;
			};
			name = Debug;
		};
		31443466222CE50E0094FAB8 /* Release */ = {
			isa = XCBuildConfiguration;
			buildSettings = {
				ASSETCATALOG_COMPILER_APPICON_NAME = "App Icon & Top Shelf Image";
				ASSETCATALOG_COMPILER_LAUNCHIMAGE_NAME = LaunchImage;
				CODE_SIGN_STYLE = Automatic;
				DEVELOPMENT_TEAM = L79F55H896;
				INFOPLIST_FILE = tvmlApp/Info.plist;
				LD_RUNPATH_SEARCH_PATHS = (
					"$(inherited)",
					"@executable_path/Frameworks",
				);
				PRODUCT_BUNDLE_IDENTIFIER = TestCorps.tvmlApp;
				PRODUCT_NAME = "$(TARGET_NAME)";
				SWIFT_VERSION = 4.2;
				TARGETED_DEVICE_FAMILY = 3;
			};
			name = Release;
		};
		31443468222CE50E0094FAB8 /* Debug */ = {
			isa = XCBuildConfiguration;
			buildSettings = {
				ALWAYS_EMBED_SWIFT_STANDARD_LIBRARIES = YES;
				BUNDLE_LOADER = "$(TEST_HOST)";
				CODE_SIGN_STYLE = Automatic;
				DEVELOPMENT_TEAM = L79F55H896;
				INFOPLIST_FILE = tvmlAppTests/Info.plist;
				LD_RUNPATH_SEARCH_PATHS = (
					"$(inherited)",
					"@executable_path/Frameworks",
					"@loader_path/Frameworks",
				);
				PRODUCT_BUNDLE_IDENTIFIER = TestCorps.tvmlAppTests;
				PRODUCT_NAME = "$(TARGET_NAME)";
				SWIFT_VERSION = 4.2;
				TARGETED_DEVICE_FAMILY = 3;
				TEST_HOST = "$(BUILT_PRODUCTS_DIR)/tvmlApp.app/tvmlApp";
			};
			name = Debug;
		};
		31443469222CE50E0094FAB8 /* Release */ = {
			isa = XCBuildConfiguration;
			buildSettings = {
				ALWAYS_EMBED_SWIFT_STANDARD_LIBRARIES = YES;
				BUNDLE_LOADER = "$(TEST_HOST)";
				CODE_SIGN_STYLE = Automatic;
				DEVELOPMENT_TEAM = L79F55H896;
				INFOPLIST_FILE = tvmlAppTests/Info.plist;
				LD_RUNPATH_SEARCH_PATHS = (
					"$(inherited)",
					"@executable_path/Frameworks",
					"@loader_path/Frameworks",
				);
				PRODUCT_BUNDLE_IDENTIFIER = TestCorps.tvmlAppTests;
				PRODUCT_NAME = "$(TARGET_NAME)";
				SWIFT_VERSION = 4.2;
				TARGETED_DEVICE_FAMILY = 3;
				TEST_HOST = "$(BUILT_PRODUCTS_DIR)/tvmlApp.app/tvmlApp";
			};
			name = Release;
		};
/* End XCBuildConfiguration section */

/* Begin XCConfigurationList section */
		31443449222CE50B0094FAB8 /* Build configuration list for PBXProject "tvmlApp" */ = {
			isa = XCConfigurationList;
			buildConfigurations = (
				31443462222CE50E0094FAB8 /* Debug */,
				31443463222CE50E0094FAB8 /* Release */,
			);
			defaultConfigurationIsVisible = 0;
			defaultConfigurationName = Release;
		};
		31443464222CE50E0094FAB8 /* Build configuration list for PBXNativeTarget "tvmlApp" */ = {
			isa = XCConfigurationList;
			buildConfigurations = (
				31443465222CE50E0094FAB8 /* Debug */,
				31443466222CE50E0094FAB8 /* Release */,
			);
			defaultConfigurationIsVisible = 0;
			defaultConfigurationName = Release;
		};
		31443467222CE50E0094FAB8 /* Build configuration list for PBXNativeTarget "tvmlAppTests" */ = {
			isa = XCConfigurationList;
			buildConfigurations = (
				31443468222CE50E0094FAB8 /* Debug */,
				31443469222CE50E0094FAB8 /* Release */,
			);
			defaultConfigurationIsVisible = 0;
			defaultConfigurationName = Release;
		};
/* End XCConfigurationList section */
	};
	rootObject = 31443446222CE50B0094FAB8 /* Project object */;
}
